
Microsoft Visual Studio Solution File, Format Version 12.00
# Visual Studio Version 16
VisualStudioVersion = 16.0.31019.35
MinimumVisualStudioVersion = 10.0.40219.1
Project("{FAE04EC0-301F-11D3-BF4B-00C04F79EFBC}") = "Mikroszimulacio", "Mikroszimulacio\Mikroszimulacio.csproj", "{4EBBF437-BE22-44FB-9401-BBC0A515B9E4}"
EndProject
Global
	GlobalSection(SolutionConfigurationPlatforms) = preSolution
		Debug|Any CPU = Debug|Any CPU
		Release|Any CPU = Release|Any CPU
	EndGlobalSection
	GlobalSection(ProjectConfigurationPlatforms) = postSolution
		{4EBBF437-BE22-44FB-9401-BBC0A515B9E4}.Debug|Any CPU.ActiveCfg = Debug|Any CPU
		{4EBBF437-BE22-44FB-9401-BBC0A515B9E4}.Debug|Any CPU.Build.0 = Debug|Any CPU
		{4EBBF437-BE22-44FB-9401-BBC0A515B9E4}.Release|Any CPU.ActiveCfg = Release|Any CPU
		{4EBBF437-BE22-44FB-9401-BBC0A515B9E4}.Release|Any CPU.Build.0 = Release|Any CPU
	EndGlobalSection
	GlobalSection(SolutionProperties) = preSolution
		HideSolutionNode = FALSE
	EndGlobalSection
	GlobalSection(ExtensibilityGlobals) = postSolution
		SolutionGuid = {DE5C1246-C227-4D94-8815-028821600B47}
	EndGlobalSection
EndGlobal
