
Microsoft Visual Studio Solution File, Format Version 12.00
# Visual Studio Version 16
VisualStudioVersion = 16.0.31019.35
MinimumVisualStudioVersion = 10.0.40219.1
Project("{FAE04EC0-301F-11D3-BF4B-00C04F79EFBC}") = "UnitTest", "UnitTest\UnitTest.csproj", "{763D5A05-2997-41B9-A188-4B14B9F6D785}"
EndProject
Project("{FAE04EC0-301F-11D3-BF4B-00C04F79EFBC}") = "UnitTestExample.Test", "UnitTestExample.Test\UnitTestExample.Test.csproj", "{5D11A41C-87B2-420E-8535-B7BB628EBDF7}"
EndProject
Global
	GlobalSection(SolutionConfigurationPlatforms) = preSolution
		Debug|Any CPU = Debug|Any CPU
		Release|Any CPU = Release|Any CPU
	EndGlobalSection
	GlobalSection(ProjectConfigurationPlatforms) = postSolution
		{763D5A05-2997-41B9-A188-4B14B9F6D785}.Debug|Any CPU.ActiveCfg = Debug|Any CPU
		{763D5A05-2997-41B9-A188-4B14B9F6D785}.Debug|Any CPU.Build.0 = Debug|Any CPU
		{763D5A05-2997-41B9-A188-4B14B9F6D785}.Release|Any CPU.ActiveCfg = Release|Any CPU
		{763D5A05-2997-41B9-A188-4B14B9F6D785}.Release|Any CPU.Build.0 = Release|Any CPU
		{5D11A41C-87B2-420E-8535-B7BB628EBDF7}.Debug|Any CPU.ActiveCfg = Debug|Any CPU
		{5D11A41C-87B2-420E-8535-B7BB628EBDF7}.Debug|Any CPU.Build.0 = Debug|Any CPU
		{5D11A41C-87B2-420E-8535-B7BB628EBDF7}.Release|Any CPU.ActiveCfg = Release|Any CPU
		{5D11A41C-87B2-420E-8535-B7BB628EBDF7}.Release|Any CPU.Build.0 = Release|Any CPU
	EndGlobalSection
	GlobalSection(SolutionProperties) = preSolution
		HideSolutionNode = FALSE
	EndGlobalSection
	GlobalSection(ExtensibilityGlobals) = postSolution
		SolutionGuid = {C2AB7D7C-B582-4BD4-A749-B10FAF2D3DB4}
	EndGlobalSection
EndGlobal
